
Microsoft Visual Studio Solution File, Format Version 12.00
# Visual Studio Version 16
VisualStudioVersion = 16.0.30204.135
MinimumVisualStudioVersion = 10.0.40219.1
Project("{FAE04EC0-301F-11D3-BF4B-00C04F79EFBC}") = "Cts.Ado.Lib", "Cts.Ado.Lib\Cts.Ado.Lib.csproj", "{3BE019DE-910E-46F2-95FB-2E35BC4BDAAF}"
EndProject
Project("{FAE04EC0-301F-11D3-BF4B-00C04F79EFBC}") = "CustomerConsoleApplication", "CustomerConsoleApplication\CustomerConsoleApplication.csproj", "{8554565A-6752-41D1-8375-135613F7C8C1}"
EndProject
Project("{FAE04EC0-301F-11D3-BF4B-00C04F79EFBC}") = "Cts.Ado.Demo", "Cts.Ado.Demo\Cts.Ado.Demo.csproj", "{A44A818A-F630-42BF-B9BB-7A01326EF6CE}"
EndProject
Global
	GlobalSection(SolutionConfigurationPlatforms) = preSolution
		Debug|Any CPU = Debug|Any CPU
		Release|Any CPU = Release|Any CPU
	EndGlobalSection
	GlobalSection(ProjectConfigurationPlatforms) = postSolution
		{3BE019DE-910E-46F2-95FB-2E35BC4BDAAF}.Debug|Any CPU.ActiveCfg = Debug|Any CPU
		{3BE019DE-910E-46F2-95FB-2E35BC4BDAAF}.Debug|Any CPU.Build.0 = Debug|Any CPU
		{3BE019DE-910E-46F2-95FB-2E35BC4BDAAF}.Release|Any CPU.ActiveCfg = Release|Any CPU
		{3BE019DE-910E-46F2-95FB-2E35BC4BDAAF}.Release|Any CPU.Build.0 = Release|Any CPU
		{8554565A-6752-41D1-8375-135613F7C8C1}.Debug|Any CPU.ActiveCfg = Debug|Any CPU
		{8554565A-6752-41D1-8375-135613F7C8C1}.Debug|Any CPU.Build.0 = Debug|Any CPU
		{8554565A-6752-41D1-8375-135613F7C8C1}.Release|Any CPU.ActiveCfg = Release|Any CPU
		{8554565A-6752-41D1-8375-135613F7C8C1}.Release|Any CPU.Build.0 = Release|Any CPU
		{A44A818A-F630-42BF-B9BB-7A01326EF6CE}.Debug|Any CPU.ActiveCfg = Debug|Any CPU
		{A44A818A-F630-42BF-B9BB-7A01326EF6CE}.Debug|Any CPU.Build.0 = Debug|Any CPU
		{A44A818A-F630-42BF-B9BB-7A01326EF6CE}.Release|Any CPU.ActiveCfg = Release|Any CPU
		{A44A818A-F630-42BF-B9BB-7A01326EF6CE}.Release|Any CPU.Build.0 = Release|Any CPU
	EndGlobalSection
	GlobalSection(SolutionProperties) = preSolution
		HideSolutionNode = FALSE
	EndGlobalSection
	GlobalSection(ExtensibilityGlobals) = postSolution
		SolutionGuid = {D31C9149-4532-463A-A193-DBE68117E4F1}
	EndGlobalSection
EndGlobal
